// !$*UTF8*$!
{
	archiveVersion = 1;
	classes = {
	};
	objectVersion = 50;
	objects = {

/* Begin PBXBuildFile section */
		FA470E4824CD1E5E00B260C9 /* Singer+CoreDataClass.swift in Sources */ = {isa = PBXBuildFile; fileRef = FA470E4624CD1E5E00B260C9 /* Singer+CoreDataClass.swift */; };
		FA470E4924CD1E5E00B260C9 /* Singer+CoreDataProperties.swift in Sources */ = {isa = PBXBuildFile; fileRef = FA470E4724CD1E5E00B260C9 /* Singer+CoreDataProperties.swift */; };
		FAF440C924CB471C00BB55CC /* AppDelegate.swift in Sources */ = {isa = PBXBuildFile; fileRef = FAF440C824CB471C00BB55CC /* AppDelegate.swift */; };
		FAF440CB24CB471C00BB55CC /* SceneDelegate.swift in Sources */ = {isa = PBXBuildFile; fileRef = FAF440CA24CB471C00BB55CC /* SceneDelegate.swift */; };
		FAF440CE24CB471C00BB55CC /* CoreDataProject.xcdatamodeld in Sources */ = {isa = PBXBuildFile; fileRef = FAF440CC24CB471C00BB55CC /* CoreDataProject.xcdatamodeld */; };
		FAF440D024CB471C00BB55CC /* ContentView.swift in Sources */ = {isa = PBXBuildFile; fileRef = FAF440CF24CB471C00BB55CC /* ContentView.swift */; };
		FAF440D224CB471D00BB55CC /* Assets.xcassets in Resources */ = {isa = PBXBuildFile; fileRef = FAF440D124CB471D00BB55CC /* Assets.xcassets */; };
		FAF440D524CB471E00BB55CC /* Preview Assets.xcassets in Resources */ = {isa = PBXBuildFile; fileRef = FAF440D424CB471E00BB55CC /* Preview Assets.xcassets */; };
		FAF440D824CB471E00BB55CC /* LaunchScreen.storyboard in Resources */ = {isa = PBXBuildFile; fileRef = FAF440D624CB471E00BB55CC /* LaunchScreen.storyboard */; };
		FAF440E324CBC49100BB55CC /* Movie+CoreDataClass.swift in Sources */ = {isa = PBXBuildFile; fileRef = FAF440E124CBC49100BB55CC /* Movie+CoreDataClass.swift */; };
		FAF440E424CBC49100BB55CC /* Movie+CoreDataProperties.swift in Sources */ = {isa = PBXBuildFile; fileRef = FAF440E224CBC49100BB55CC /* Movie+CoreDataProperties.swift */; };
/* End PBXBuildFile section */

/* Begin PBXFileReference section */
		FA470E4624CD1E5E00B260C9 /* Singer+CoreDataClass.swift */ = {isa = PBXFileReference; lastKnownFileType = sourcecode.swift; path = "Singer+CoreDataClass.swift"; sourceTree = SOURCE_ROOT; };
		FA470E4724CD1E5E00B260C9 /* Singer+CoreDataProperties.swift */ = {isa = PBXFileReference; lastKnownFileType = sourcecode.swift; path = "Singer+CoreDataProperties.swift"; sourceTree = SOURCE_ROOT; };
		FAF440C524CB471C00BB55CC /* CoreDataProject.app */ = {isa = PBXFileReference; explicitFileType = wrapper.application; includeInIndex = 0; path = CoreDataProject.app; sourceTree = BUILT_PRODUCTS_DIR; };
		FAF440C824CB471C00BB55CC /* AppDelegate.swift */ = {isa = PBXFileReference; lastKnownFileType = sourcecode.swift; path = AppDelegate.swift; sourceTree = "<group>"; };
		FAF440CA24CB471C00BB55CC /* SceneDelegate.swift */ = {isa = PBXFileReference; lastKnownFileType = sourcecode.swift; path = SceneDelegate.swift; sourceTree = "<group>"; };
		FAF440CD24CB471C00BB55CC /* CoreDataProject.xcdatamodel */ = {isa = PBXFileReference; lastKnownFileType = wrapper.xcdatamodel; path = CoreDataProject.xcdatamodel; sourceTree = "<group>"; };
		FAF440CF24CB471C00BB55CC /* ContentView.swift */ = {isa = PBXFileReference; lastKnownFileType = sourcecode.swift; path = ContentView.swift; sourceTree = "<group>"; };
		FAF440D124CB471D00BB55CC /* Assets.xcassets */ = {isa = PBXFileReference; lastKnownFileType = folder.assetcatalog; path = Assets.xcassets; sourceTree = "<group>"; };
		FAF440D424CB471E00BB55CC /* Preview Assets.xcassets */ = {isa = PBXFileReference; lastKnownFileType = folder.assetcatalog; path = "Preview Assets.xcassets"; sourceTree = "<group>"; };
		FAF440D724CB471E00BB55CC /* Base */ = {isa = PBXFileReference; lastKnownFileType = file.storyboard; name = Base; path = Base.lproj/LaunchScreen.storyboard; sourceTree = "<group>"; };
		FAF440D924CB471E00BB55CC /* Info.plist */ = {isa = PBXFileReference; lastKnownFileType = text.plist.xml; path = Info.plist; sourceTree = "<group>"; };
		FAF440E124CBC49100BB55CC /* Movie+CoreDataClass.swift */ = {isa = PBXFileReference; lastKnownFileType = sourcecode.swift; path = "Movie+CoreDataClass.swift"; sourceTree = SOURCE_ROOT; };
		FAF440E224CBC49100BB55CC /* Movie+CoreDataProperties.swift */ = {isa = PBXFileReference; lastKnownFileType = sourcecode.swift; path = "Movie+CoreDataProperties.swift"; sourceTree = SOURCE_ROOT; };
/* End PBXFileReference section */

/* Begin PBXFrameworksBuildPhase section */
		FAF440C224CB471C00BB55CC /* Frameworks */ = {
			isa = PBXFrameworksBuildPhase;
			buildActionMask = 2147483647;
			files = (
			);
			runOnlyForDeploymentPostprocessing = 0;
		};
/* End PBXFrameworksBuildPhase section */

/* Begin PBXGroup section */
		FAF440BC24CB471C00BB55CC = {
			isa = PBXGroup;
			children = (
				FAF440C724CB471C00BB55CC /* CoreDataProject */,
				FAF440C624CB471C00BB55CC /* Products */,
			);
			sourceTree = "<group>";
		};
		FAF440C624CB471C00BB55CC /* Products */ = {
			isa = PBXGroup;
			children = (
				FAF440C524CB471C00BB55CC /* CoreDataProject.app */,
			);
			name = Products;
			sourceTree = "<group>";
		};
		FAF440C724CB471C00BB55CC /* CoreDataProject */ = {
			isa = PBXGroup;
			children = (
				FAF440C824CB471C00BB55CC /* AppDelegate.swift */,
				FAF440CA24CB471C00BB55CC /* SceneDelegate.swift */,
				FAF440DF24CBC3E200BB55CC /* Models */,
				FAF440E024CBC3ED00BB55CC /* Views */,
				FAF440D124CB471D00BB55CC /* Assets.xcassets */,
				FAF440D624CB471E00BB55CC /* LaunchScreen.storyboard */,
				FAF440D924CB471E00BB55CC /* Info.plist */,
				FAF440D324CB471E00BB55CC /* Preview Content */,
			);
			path = CoreDataProject;
			sourceTree = "<group>";
		};
		FAF440D324CB471E00BB55CC /* Preview Content */ = {
			isa = PBXGroup;
			children = (
				FAF440D424CB471E00BB55CC /* Preview Assets.xcassets */,
			);
			path = "Preview Content";
			sourceTree = "<group>";
		};
		FAF440DF24CBC3E200BB55CC /* Models */ = {
			isa = PBXGroup;
			children = (
				FA470E4624CD1E5E00B260C9 /* Singer+CoreDataClass.swift */,
				FA470E4724CD1E5E00B260C9 /* Singer+CoreDataProperties.swift */,
				FAF440E124CBC49100BB55CC /* Movie+CoreDataClass.swift */,
				FAF440E224CBC49100BB55CC /* Movie+CoreDataProperties.swift */,
				FAF440CC24CB471C00BB55CC /* CoreDataProject.xcdatamodeld */,
			);
			path = Models;
			sourceTree = "<group>";
		};
		FAF440E024CBC3ED00BB55CC /* Views */ = {
			isa = PBXGroup;
			children = (
				FAF440CF24CB471C00BB55CC /* ContentView.swift */,
			);
			path = Views;
			sourceTree = "<group>";
		};
/* End PBXGroup section */

/* Begin PBXNativeTarget section */
		FAF440C424CB471C00BB55CC /* CoreDataProject */ = {
			isa = PBXNativeTarget;
			buildConfigurationList = FAF440DC24CB471E00BB55CC /* Build configuration list for PBXNativeTarget "CoreDataProject" */;
			buildPhases = (
				FAF440C124CB471C00BB55CC /* Sources */,
				FAF440C224CB471C00BB55CC /* Frameworks */,
				FAF440C324CB471C00BB55CC /* Resources */,
			);
			buildRules = (
			);
			dependencies = (
			);
			name = CoreDataProject;
			productName = CoreDataProject;
			productReference = FAF440C524CB471C00BB55CC /* CoreDataProject.app */;
			productType = "com.apple.product-type.application";
		};
/* End PBXNativeTarget section */

/* Begin PBXProject section */
		FAF440BD24CB471C00BB55CC /* Project object */ = {
			isa = PBXProject;
			attributes = {
				LastSwiftUpdateCheck = 1160;
				LastUpgradeCheck = 1160;
				ORGANIZATIONNAME = "Nate Lee";
				TargetAttributes = {
					FAF440C424CB471C00BB55CC = {
						CreatedOnToolsVersion = 11.6;
					};
				};
			};
			buildConfigurationList = FAF440C024CB471C00BB55CC /* Build configuration list for PBXProject "CoreDataProject" */;
			compatibilityVersion = "Xcode 9.3";
			developmentRegion = en;
			hasScannedForEncodings = 0;
			knownRegions = (
				en,
				Base,
			);
			mainGroup = FAF440BC24CB471C00BB55CC;
			productRefGroup = FAF440C624CB471C00BB55CC /* Products */;
			projectDirPath = "";
			projectRoot = "";
			targets = (
				FAF440C424CB471C00BB55CC /* CoreDataProject */,
			);
		};
/* End PBXProject section */

/* Begin PBXResourcesBuildPhase section */
		FAF440C324CB471C00BB55CC /* Resources */ = {
			isa = PBXResourcesBuildPhase;
			buildActionMask = 2147483647;
			files = (
				FAF440D824CB471E00BB55CC /* LaunchScreen.storyboard in Resources */,
				FAF440D524CB471E00BB55CC /* Preview Assets.xcassets in Resources */,
				FAF440D224CB471D00BB55CC /* Assets.xcassets in Resources */,
			);
			runOnlyForDeploymentPostprocessing = 0;
		};
/* End PBXResourcesBuildPhase section */

/* Begin PBXSourcesBuildPhase section */
		FAF440C124CB471C00BB55CC /* Sources */ = {
			isa = PBXSourcesBuildPhase;
			buildActionMask = 2147483647;
			files = (
				FA470E4824CD1E5E00B260C9 /* Singer+CoreDataClass.swift in Sources */,
				FAF440C924CB471C00BB55CC /* AppDelegate.swift in Sources */,
				FAF440CB24CB471C00BB55CC /* SceneDelegate.swift in Sources */,
				FAF440D024CB471C00BB55CC /* ContentView.swift in Sources */,
				FAF440E324CBC49100BB55CC /* Movie+CoreDataClass.swift in Sources */,
				FA470E4924CD1E5E00B260C9 /* Singer+CoreDataProperties.swift in Sources */,
				FAF440E424CBC49100BB55CC /* Movie+CoreDataProperties.swift in Sources */,
				FAF440CE24CB471C00BB55CC /* CoreDataProject.xcdatamodeld in Sources */,
			);
			runOnlyForDeploymentPostprocessing = 0;
		};
/* End PBXSourcesBuildPhase section */

/* Begin PBXVariantGroup section */
		FAF440D624CB471E00BB55CC /* LaunchScreen.storyboard */ = {
			isa = PBXVariantGroup;
			children = (
				FAF440D724CB471E00BB55CC /* Base */,
			);
			name = LaunchScreen.storyboard;
			sourceTree = "<group>";
		};
/* End PBXVariantGroup section */

/* Begin XCBuildConfiguration section */
		FAF440DA24CB471E00BB55CC /* Debug */ = {
			isa = XCBuildConfiguration;
			buildSettings = {
				ALWAYS_SEARCH_USER_PATHS = NO;
				CLANG_ANALYZER_NONNULL = YES;
				CLANG_ANALYZER_NUMBER_OBJECT_CONVERSION = YES_AGGRESSIVE;
				CLANG_CXX_LANGUAGE_STANDARD = "gnu++14";
				CLANG_CXX_LIBRARY = "libc++";
				CLANG_ENABLE_MODULES = YES;
				CLANG_ENABLE_OBJC_ARC = YES;
				CLANG_ENABLE_OBJC_WEAK = YES;
				CLANG_WARN_BLOCK_CAPTURE_AUTORELEASING = YES;
				CLANG_WARN_BOOL_CONVERSION = YES;
				CLANG_WARN_COMMA = YES;
				CLANG_WARN_CONSTANT_CONVERSION = YES;
				CLANG_WARN_DEPRECATED_OBJC_IMPLEMENTATIONS = YES;
				CLANG_WARN_DIRECT_OBJC_ISA_USAGE = YES_ERROR;
				CLANG_WARN_DOCUMENTATION_COMMENTS = YES;
				CLANG_WARN_EMPTY_BODY = YES;
				CLANG_WARN_ENUM_CONVERSION = YES;
				CLANG_WARN_INFINITE_RECURSION = YES;
				CLANG_WARN_INT_CONVERSION = YES;
				CLANG_WARN_NON_LITERAL_NULL_CONVERSION = YES;
				CLANG_WARN_OBJC_IMPLICIT_RETAIN_SELF = YES;
				CLANG_WARN_OBJC_LITERAL_CONVERSION = YES;
				CLANG_WARN_OBJC_ROOT_CLASS = YES_ERROR;
				CLANG_WARN_RANGE_LOOP_ANALYSIS = YES;
				CLANG_WARN_STRICT_PROTOTYPES = YES;
				CLANG_WARN_SUSPICIOUS_MOVE = YES;
				CLANG_WARN_UNGUARDED_AVAILABILITY = YES_AGGRESSIVE;
				CLANG_WARN_UNREACHABLE_CODE = YES;
				CLANG_WARN__DUPLICATE_METHOD_MATCH = YES;
				COPY_PHASE_STRIP = NO;
				DEBUG_INFORMATION_FORMAT = dwarf;
				ENABLE_STRICT_OBJC_MSGSEND = YES;
				ENABLE_TESTABILITY = YES;
				GCC_C_LANGUAGE_STANDARD = gnu11;
				GCC_DYNAMIC_NO_PIC = NO;
				GCC_NO_COMMON_BLOCKS = YES;
				GCC_OPTIMIZATION_LEVEL = 0;
				GCC_PREPROCESSOR_DEFINITIONS = (
					"DEBUG=1",
					"$(inherited)",
				);
				GCC_WARN_64_TO_32_BIT_CONVERSION = YES;
				GCC_WARN_ABOUT_RETURN_TYPE = YES_ERROR;
				GCC_WARN_UNDECLARED_SELECTOR = YES;
				GCC_WARN_UNINITIALIZED_AUTOS = YES_AGGRESSIVE;
				GCC_WARN_UNUSED_FUNCTION = YES;
				GCC_WARN_UNUSED_VARIABLE = YES;
				IPHONEOS_DEPLOYMENT_TARGET = 13.6;
				MTL_ENABLE_DEBUG_INFO = INCLUDE_SOURCE;
				MTL_FAST_MATH = YES;
				ONLY_ACTIVE_ARCH = YES;
				SDKROOT = iphoneos;
				SWIFT_ACTIVE_COMPILATION_CONDITIONS = DEBUG;
				SWIFT_OPTIMIZATION_LEVEL = "-Onone";
			};
			name = Debug;
		};
		FAF440DB24CB471E00BB55CC /* Release */ = {
			isa = XCBuildConfiguration;
			buildSettings = {
				ALWAYS_SEARCH_USER_PATHS = NO;
				CLANG_ANALYZER_NONNULL = YES;
				CLANG_ANALYZER_NUMBER_OBJECT_CONVERSION = YES_AGGRESSIVE;
				CLANG_CXX_LANGUAGE_STANDARD = "gnu++14";
				CLANG_CXX_LIBRARY = "libc++";
				CLANG_ENABLE_MODULES = YES;
				CLANG_ENABLE_OBJC_ARC = YES;
				CLANG_ENABLE_OBJC_WEAK = YES;
				CLANG_WARN_BLOCK_CAPTURE_AUTORELEASING = YES;
				CLANG_WARN_BOOL_CONVERSION = YES;
				CLANG_WARN_COMMA = YES;
				CLANG_WARN_CONSTANT_CONVERSION = YES;
				CLANG_WARN_DEPRECATED_OBJC_IMPLEMENTATIONS = YES;
				CLANG_WARN_DIRECT_OBJC_ISA_USAGE = YES_ERROR;
				CLANG_WARN_DOCUMENTATION_COMMENTS = YES;
				CLANG_WARN_EMPTY_BODY = YES;
				CLANG_WARN_ENUM_CONVERSION = YES;
				CLANG_WARN_INFINITE_RECURSION = YES;
				CLANG_WARN_INT_CONVERSION = YES;
				CLANG_WARN_NON_LITERAL_NULL_CONVERSION = YES;
				CLANG_WARN_OBJC_IMPLICIT_RETAIN_SELF = YES;
				CLANG_WARN_OBJC_LITERAL_CONVERSION = YES;
				CLANG_WARN_OBJC_ROOT_CLASS = YES_ERROR;
				CLANG_WARN_RANGE_LOOP_ANALYSIS = YES;
				CLANG_WARN_STRICT_PROTOTYPES = YES;
				CLANG_WARN_SUSPICIOUS_MOVE = YES;
				CLANG_WARN_UNGUARDED_AVAILABILITY = YES_AGGRESSIVE;
				CLANG_WARN_UNREACHABLE_CODE = YES;
				CLANG_WARN__DUPLICATE_METHOD_MATCH = YES;
				COPY_PHASE_STRIP = NO;
				DEBUG_INFORMATION_FORMAT = "dwarf-with-dsym";
				ENABLE_NS_ASSERTIONS = NO;
				ENABLE_STRICT_OBJC_MSGSEND = YES;
				GCC_C_LANGUAGE_STANDARD = gnu11;
				GCC_NO_COMMON_BLOCKS = YES;
				GCC_WARN_64_TO_32_BIT_CONVERSION = YES;
				GCC_WARN_ABOUT_RETURN_TYPE = YES_ERROR;
				GCC_WARN_UNDECLARED_SELECTOR = YES;
				GCC_WARN_UNINITIALIZED_AUTOS = YES_AGGRESSIVE;
				GCC_WARN_UNUSED_FUNCTION = YES;
				GCC_WARN_UNUSED_VARIABLE = YES;
				IPHONEOS_DEPLOYMENT_TARGET = 13.6;
				MTL_ENABLE_DEBUG_INFO = NO;
				MTL_FAST_MATH = YES;
				SDKROOT = iphoneos;
				SWIFT_COMPILATION_MODE = wholemodule;
				SWIFT_OPTIMIZATION_LEVEL = "-O";
				VALIDATE_PRODUCT = YES;
			};
			name = Release;
		};
		FAF440DD24CB471E00BB55CC /* Debug */ = {
			isa = XCBuildConfiguration;
			buildSettings = {
				ASSETCATALOG_COMPILER_APPICON_NAME = AppIcon;
				CODE_SIGN_STYLE = Automatic;
				DEVELOPMENT_ASSET_PATHS = "\"CoreDataProject/Preview Content\"";
				DEVELOPMENT_TEAM = LQY7L3XZHF;
				ENABLE_PREVIEWS = YES;
				INFOPLIST_FILE = CoreDataProject/Info.plist;
				LD_RUNPATH_SEARCH_PATHS = (
					"$(inherited)",
					"@executable_path/Frameworks",
				);
				PRODUCT_BUNDLE_IDENTIFIER = dev.natelee.CoreDataProject;
				PRODUCT_NAME = "$(TARGET_NAME)";
				SWIFT_VERSION = 5.0;
				TARGETED_DEVICE_FAMILY = "1,2";
			};
			name = Debug;
		};
		FAF440DE24CB471E00BB55CC /* Release */ = {
			isa = XCBuildConfiguration;
			buildSettings = {
				ASSETCATALOG_COMPILER_APPICON_NAME = AppIcon;
				CODE_SIGN_STYLE = Automatic;
				DEVELOPMENT_ASSET_PATHS = "\"CoreDataProject/Preview Content\"";
				DEVELOPMENT_TEAM = LQY7L3XZHF;
				ENABLE_PREVIEWS = YES;
				INFOPLIST_FILE = CoreDataProject/Info.plist;
				LD_RUNPATH_SEARCH_PATHS = (
					"$(inherited)",
					"@executable_path/Frameworks",
				);
				PRODUCT_BUNDLE_IDENTIFIER = dev.natelee.CoreDataProject;
				PRODUCT_NAME = "$(TARGET_NAME)";
				SWIFT_VERSION = 5.0;
				TARGETED_DEVICE_FAMILY = "1,2";
			};
			name = Release;
		};
/* End XCBuildConfiguration section */

/* Begin XCConfigurationList section */
		FAF440C024CB471C00BB55CC /* Build configuration list for PBXProject "CoreDataProject" */ = {
			isa = XCConfigurationList;
			buildConfigurations = (
				FAF440DA24CB471E00BB55CC /* Debug */,
				FAF440DB24CB471E00BB55CC /* Release */,
			);
			defaultConfigurationIsVisible = 0;
			defaultConfigurationName = Release;
		};
		FAF440DC24CB471E00BB55CC /* Build configuration list for PBXNativeTarget "CoreDataProject" */ = {
			isa = XCConfigurationList;
			buildConfigurations = (
				FAF440DD24CB471E00BB55CC /* Debug */,
				FAF440DE24CB471E00BB55CC /* Release */,
			);
			defaultConfigurationIsVisible = 0;
			defaultConfigurationName = Release;
		};
/* End XCConfigurationList section */

/* Begin XCVersionGroup section */
		FAF440CC24CB471C00BB55CC /* CoreDataProject.xcdatamodeld */ = {
			isa = XCVersionGroup;
			children = (
				FAF440CD24CB471C00BB55CC /* CoreDataProject.xcdatamodel */,
			);
			currentVersion = FAF440CD24CB471C00BB55CC /* CoreDataProject.xcdatamodel */;
			path = CoreDataProject.xcdatamodeld;
			sourceTree = "<group>";
			versionGroupType = wrapper.xcdatamodel;
		};
/* End XCVersionGroup section */
	};
	rootObject = FAF440BD24CB471C00BB55CC /* Project object */;
}
